
Microsoft Visual Studio Solution File, Format Version 12.00
# Visual Studio 14
VisualStudioVersion = 14.0.25420.1
MinimumVisualStudioVersion = 10.0.40219.1
Project("{FAE04EC0-301F-11D3-BF4B-00C04F79EFBC}") = "Codestellar.Xamarin.Tuts.Droid", "Codestellar.Xamarin.Tuts\Codestellar.Xamarin.Tuts.Droid\Codestellar.Xamarin.Tuts.Droid.csproj", "{8AC10057-2AAD-4A67-A92A-5F3EA21B4200}"
EndProject
Project("{FAE04EC0-301F-11D3-BF4B-00C04F79EFBC}") = "Codestellar.Xamarin.Tuts.iOS", "Codestellar.Xamarin.Tuts\Codestellar.Xamarin.Tuts.iOS\Codestellar.Xamarin.Tuts.iOS.csproj", "{63280E7F-451E-4EBD-A0B7-462B27D01BA2}"
EndProject
Project("{FAE04EC0-301F-11D3-BF4B-00C04F79EFBC}") = "Codestellar.Xamarin.Tuts.WinPhone", "Codestellar.Xamarin.Tuts\Codestellar.Xamarin.Tuts.WinPhone\Codestellar.Xamarin.Tuts.WinPhone.csproj", "{C607A91E-47B8-468F-B5F7-26E097566273}"
EndProject
Project("{FAE04EC0-301F-11D3-BF4B-00C04F79EFBC}") = "Codestellar.Xamarin.Tuts.UWP", "Codestellar.Xamarin.Tuts\Codestellar.Xamarin.Tuts.UWP\Codestellar.Xamarin.Tuts.UWP.csproj", "{E8900DA1-52E9-47A7-AB0F-E5922870C316}"
EndProject
Project("{FAE04EC0-301F-11D3-BF4B-00C04F79EFBC}") = "Codestellar.Xamarin.Tuts.Windows", "Codestellar.Xamarin.Tuts\Codestellar.Xamarin.Tuts.Windows\Codestellar.Xamarin.Tuts.Windows.csproj", "{A728295D-D5F2-49C2-B398-FD7E97949E5D}"
EndProject
Project("{FAE04EC0-301F-11D3-BF4B-00C04F79EFBC}") = "Codestellar.Xamarin.Tuts", "Codestellar.Xamarin.Tuts\Codestellar.Xamarin.Tuts\Codestellar.Xamarin.Tuts.csproj", "{21A9A4D0-68C8-404A-B952-80E96CE168A9}"
EndProject
Global
	GlobalSection(SolutionConfigurationPlatforms) = preSolution
		Ad-Hoc|Any CPU = Ad-Hoc|Any CPU
		Ad-Hoc|ARM = Ad-Hoc|ARM
		Ad-Hoc|iPhone = Ad-Hoc|iPhone
		Ad-Hoc|iPhoneSimulator = Ad-Hoc|iPhoneSimulator
		Ad-Hoc|x64 = Ad-Hoc|x64
		Ad-Hoc|x86 = Ad-Hoc|x86
		AppStore|Any CPU = AppStore|Any CPU
		AppStore|ARM = AppStore|ARM
		AppStore|iPhone = AppStore|iPhone
		AppStore|iPhoneSimulator = AppStore|iPhoneSimulator
		AppStore|x64 = AppStore|x64
		AppStore|x86 = AppStore|x86
		Debug|Any CPU = Debug|Any CPU
		Debug|ARM = Debug|ARM
		Debug|iPhone = Debug|iPhone
		Debug|iPhoneSimulator = Debug|iPhoneSimulator
		Debug|x64 = Debug|x64
		Debug|x86 = Debug|x86
		Release|Any CPU = Release|Any CPU
		Release|ARM = Release|ARM
		Release|iPhone = Release|iPhone
		Release|iPhoneSimulator = Release|iPhoneSimulator
		Release|x64 = Release|x64
		Release|x86 = Release|x86
	EndGlobalSection
	GlobalSection(ProjectConfigurationPlatforms) = postSolution
		{8AC10057-2AAD-4A67-A92A-5F3EA21B4200}.Ad-Hoc|Any CPU.ActiveCfg = Release|Any CPU
		{8AC10057-2AAD-4A67-A92A-5F3EA21B4200}.Ad-Hoc|Any CPU.Build.0 = Release|Any CPU
		{8AC10057-2AAD-4A67-A92A-5F3EA21B4200}.Ad-Hoc|Any CPU.Deploy.0 = Release|Any CPU
		{8AC10057-2AAD-4A67-A92A-5F3EA21B4200}.Ad-Hoc|ARM.ActiveCfg = Release|Any CPU
		{8AC10057-2AAD-4A67-A92A-5F3EA21B4200}.Ad-Hoc|ARM.Build.0 = Release|Any CPU
		{8AC10057-2AAD-4A67-A92A-5F3EA21B4200}.Ad-Hoc|ARM.Deploy.0 = Release|Any CPU
		{8AC10057-2AAD-4A67-A92A-5F3EA21B4200}.Ad-Hoc|iPhone.ActiveCfg = Release|Any CPU
		{8AC10057-2AAD-4A67-A92A-5F3EA21B4200}.Ad-Hoc|iPhone.Build.0 = Release|Any CPU
		{8AC10057-2AAD-4A67-A92A-5F3EA21B4200}.Ad-Hoc|iPhone.Deploy.0 = Release|Any CPU
		{8AC10057-2AAD-4A67-A92A-5F3EA21B4200}.Ad-Hoc|iPhoneSimulator.ActiveCfg = Release|Any CPU
		{8AC10057-2AAD-4A67-A92A-5F3EA21B4200}.Ad-Hoc|iPhoneSimulator.Build.0 = Release|Any CPU
		{8AC10057-2AAD-4A67-A92A-5F3EA21B4200}.Ad-Hoc|iPhoneSimulator.Deploy.0 = Release|Any CPU
		{8AC10057-2AAD-4A67-A92A-5F3EA21B4200}.Ad-Hoc|x64.ActiveCfg = Release|Any CPU
		{8AC10057-2AAD-4A67-A92A-5F3EA21B4200}.Ad-Hoc|x64.Build.0 = Release|Any CPU
		{8AC10057-2AAD-4A67-A92A-5F3EA21B4200}.Ad-Hoc|x64.Deploy.0 = Release|Any CPU
		{8AC10057-2AAD-4A67-A92A-5F3EA21B4200}.Ad-Hoc|x86.ActiveCfg = Release|Any CPU
		{8AC10057-2AAD-4A67-A92A-5F3EA21B4200}.Ad-Hoc|x86.Build.0 = Release|Any CPU
		{8AC10057-2AAD-4A67-A92A-5F3EA21B4200}.Ad-Hoc|x86.Deploy.0 = Release|Any CPU
		{8AC10057-2AAD-4A67-A92A-5F3EA21B4200}.AppStore|Any CPU.ActiveCfg = Release|Any CPU
		{8AC10057-2AAD-4A67-A92A-5F3EA21B4200}.AppStore|Any CPU.Build.0 = Release|Any CPU
		{8AC10057-2AAD-4A67-A92A-5F3EA21B4200}.AppStore|Any CPU.Deploy.0 = Release|Any CPU
		{8AC10057-2AAD-4A67-A92A-5F3EA21B4200}.AppStore|ARM.ActiveCfg = Release|Any CPU
		{8AC10057-2AAD-4A67-A92A-5F3EA21B4200}.AppStore|ARM.Build.0 = Release|Any CPU
		{8AC10057-2AAD-4A67-A92A-5F3EA21B4200}.AppStore|ARM.Deploy.0 = Release|Any CPU
		{8AC10057-2AAD-4A67-A92A-5F3EA21B4200}.AppStore|iPhone.ActiveCfg = Release|Any CPU
		{8AC10057-2AAD-4A67-A92A-5F3EA21B4200}.AppStore|iPhone.Build.0 = Release|Any CPU
		{8AC10057-2AAD-4A67-A92A-5F3EA21B4200}.AppStore|iPhone.Deploy.0 = Release|Any CPU
		{8AC10057-2AAD-4A67-A92A-5F3EA21B4200}.AppStore|iPhoneSimulator.ActiveCfg = Release|Any CPU
		{8AC10057-2AAD-4A67-A92A-5F3EA21B4200}.AppStore|iPhoneSimulator.Build.0 = Release|Any CPU
		{8AC10057-2AAD-4A67-A92A-5F3EA21B4200}.AppStore|iPhoneSimulator.Deploy.0 = Release|Any CPU
		{8AC10057-2AAD-4A67-A92A-5F3EA21B4200}.AppStore|x64.ActiveCfg = Release|Any CPU
		{8AC10057-2AAD-4A67-A92A-5F3EA21B4200}.AppStore|x64.Build.0 = Release|Any CPU
		{8AC10057-2AAD-4A67-A92A-5F3EA21B4200}.AppStore|x64.Deploy.0 = Release|Any CPU
		{8AC10057-2AAD-4A67-A92A-5F3EA21B4200}.AppStore|x86.ActiveCfg = Release|Any CPU
		{8AC10057-2AAD-4A67-A92A-5F3EA21B4200}.AppStore|x86.Build.0 = Release|Any CPU
		{8AC10057-2AAD-4A67-A92A-5F3EA21B4200}.AppStore|x86.Deploy.0 = Release|Any CPU
		{8AC10057-2AAD-4A67-A92A-5F3EA21B4200}.Debug|Any CPU.ActiveCfg = Debug|Any CPU
		{8AC10057-2AAD-4A67-A92A-5F3EA21B4200}.Debug|Any CPU.Build.0 = Debug|Any CPU
		{8AC10057-2AAD-4A67-A92A-5F3EA21B4200}.Debug|Any CPU.Deploy.0 = Debug|Any CPU
		{8AC10057-2AAD-4A67-A92A-5F3EA21B4200}.Debug|ARM.ActiveCfg = Debug|Any CPU
		{8AC10057-2AAD-4A67-A92A-5F3EA21B4200}.Debug|ARM.Build.0 = Debug|Any CPU
		{8AC10057-2AAD-4A67-A92A-5F3EA21B4200}.Debug|ARM.Deploy.0 = Debug|Any CPU
		{8AC10057-2AAD-4A67-A92A-5F3EA21B4200}.Debug|iPhone.ActiveCfg = Debug|Any CPU
		{8AC10057-2AAD-4A67-A92A-5F3EA21B4200}.Debug|iPhone.Build.0 = Debug|Any CPU
		{8AC10057-2AAD-4A67-A92A-5F3EA21B4200}.Debug|iPhone.Deploy.0 = Debug|Any CPU
		{8AC10057-2AAD-4A67-A92A-5F3EA21B4200}.Debug|iPhoneSimulator.ActiveCfg = Debug|Any CPU
		{8AC10057-2AAD-4A67-A92A-5F3EA21B4200}.Debug|iPhoneSimulator.Build.0 = Debug|Any CPU
		{8AC10057-2AAD-4A67-A92A-5F3EA21B4200}.Debug|iPhoneSimulator.Deploy.0 = Debug|Any CPU
		{8AC10057-2AAD-4A67-A92A-5F3EA21B4200}.Debug|x64.ActiveCfg = Debug|Any CPU
		{8AC10057-2AAD-4A67-A92A-5F3EA21B4200}.Debug|x64.Build.0 = Debug|Any CPU
		{8AC10057-2AAD-4A67-A92A-5F3EA21B4200}.Debug|x64.Deploy.0 = Debug|Any CPU
		{8AC10057-2AAD-4A67-A92A-5F3EA21B4200}.Debug|x86.ActiveCfg = Debug|Any CPU
		{8AC10057-2AAD-4A67-A92A-5F3EA21B4200}.Debug|x86.Build.0 = Debug|Any CPU
		{8AC10057-2AAD-4A67-A92A-5F3EA21B4200}.Debug|x86.Deploy.0 = Debug|Any CPU
		{8AC10057-2AAD-4A67-A92A-5F3EA21B4200}.Release|Any CPU.ActiveCfg = Release|Any CPU
		{8AC10057-2AAD-4A67-A92A-5F3EA21B4200}.Release|Any CPU.Build.0 = Release|Any CPU
		{8AC10057-2AAD-4A67-A92A-5F3EA21B4200}.Release|Any CPU.Deploy.0 = Release|Any CPU
		{8AC10057-2AAD-4A67-A92A-5F3EA21B4200}.Release|ARM.ActiveCfg = Release|Any CPU
		{8AC10057-2AAD-4A67-A92A-5F3EA21B4200}.Release|ARM.Build.0 = Release|Any CPU
		{8AC10057-2AAD-4A67-A92A-5F3EA21B4200}.Release|ARM.Deploy.0 = Release|Any CPU
		{8AC10057-2AAD-4A67-A92A-5F3EA21B4200}.Release|iPhone.ActiveCfg = Release|Any CPU
		{8AC10057-2AAD-4A67-A92A-5F3EA21B4200}.Release|iPhone.Build.0 = Release|Any CPU
		{8AC10057-2AAD-4A67-A92A-5F3EA21B4200}.Release|iPhone.Deploy.0 = Release|Any CPU
		{8AC10057-2AAD-4A67-A92A-5F3EA21B4200}.Release|iPhoneSimulator.ActiveCfg = Release|Any CPU
		{8AC10057-2AAD-4A67-A92A-5F3EA21B4200}.Release|iPhoneSimulator.Build.0 = Release|Any CPU
		{8AC10057-2AAD-4A67-A92A-5F3EA21B4200}.Release|iPhoneSimulator.Deploy.0 = Release|Any CPU
		{8AC10057-2AAD-4A67-A92A-5F3EA21B4200}.Release|x64.ActiveCfg = Release|Any CPU
		{8AC10057-2AAD-4A67-A92A-5F3EA21B4200}.Release|x64.Build.0 = Release|Any CPU
		{8AC10057-2AAD-4A67-A92A-5F3EA21B4200}.Release|x64.Deploy.0 = Release|Any CPU
		{8AC10057-2AAD-4A67-A92A-5F3EA21B4200}.Release|x86.ActiveCfg = Release|Any CPU
		{8AC10057-2AAD-4A67-A92A-5F3EA21B4200}.Release|x86.Build.0 = Release|Any CPU
		{8AC10057-2AAD-4A67-A92A-5F3EA21B4200}.Release|x86.Deploy.0 = Release|Any CPU
		{63280E7F-451E-4EBD-A0B7-462B27D01BA2}.Ad-Hoc|Any CPU.ActiveCfg = Ad-Hoc|iPhone
		{63280E7F-451E-4EBD-A0B7-462B27D01BA2}.Ad-Hoc|ARM.ActiveCfg = Ad-Hoc|iPhone
		{63280E7F-451E-4EBD-A0B7-462B27D01BA2}.Ad-Hoc|iPhone.ActiveCfg = Ad-Hoc|iPhone
		{63280E7F-451E-4EBD-A0B7-462B27D01BA2}.Ad-Hoc|iPhone.Build.0 = Ad-Hoc|iPhone
		{63280E7F-451E-4EBD-A0B7-462B27D01BA2}.Ad-Hoc|iPhoneSimulator.ActiveCfg = Ad-Hoc|iPhoneSimulator
		{63280E7F-451E-4EBD-A0B7-462B27D01BA2}.Ad-Hoc|iPhoneSimulator.Build.0 = Ad-Hoc|iPhoneSimulator
		{63280E7F-451E-4EBD-A0B7-462B27D01BA2}.Ad-Hoc|x64.ActiveCfg = Ad-Hoc|iPhone
		{63280E7F-451E-4EBD-A0B7-462B27D01BA2}.Ad-Hoc|x86.ActiveCfg = Ad-Hoc|iPhone
		{63280E7F-451E-4EBD-A0B7-462B27D01BA2}.AppStore|Any CPU.ActiveCfg = AppStore|iPhone
		{63280E7F-451E-4EBD-A0B7-462B27D01BA2}.AppStore|ARM.ActiveCfg = AppStore|iPhone
		{63280E7F-451E-4EBD-A0B7-462B27D01BA2}.AppStore|iPhone.ActiveCfg = AppStore|iPhone
		{63280E7F-451E-4EBD-A0B7-462B27D01BA2}.AppStore|iPhone.Build.0 = AppStore|iPhone
		{63280E7F-451E-4EBD-A0B7-462B27D01BA2}.AppStore|iPhoneSimulator.ActiveCfg = AppStore|iPhoneSimulator
		{63280E7F-451E-4EBD-A0B7-462B27D01BA2}.AppStore|iPhoneSimulator.Build.0 = AppStore|iPhoneSimulator
		{63280E7F-451E-4EBD-A0B7-462B27D01BA2}.AppStore|x64.ActiveCfg = AppStore|iPhone
		{63280E7F-451E-4EBD-A0B7-462B27D01BA2}.AppStore|x86.ActiveCfg = AppStore|iPhone
		{63280E7F-451E-4EBD-A0B7-462B27D01BA2}.Debug|Any CPU.ActiveCfg = Debug|iPhone
		{63280E7F-451E-4EBD-A0B7-462B27D01BA2}.Debug|ARM.ActiveCfg = Debug|iPhone
		{63280E7F-451E-4EBD-A0B7-462B27D01BA2}.Debug|iPhone.ActiveCfg = Debug|iPhone
		{63280E7F-451E-4EBD-A0B7-462B27D01BA2}.Debug|iPhone.Build.0 = Debug|iPhone
		{63280E7F-451E-4EBD-A0B7-462B27D01BA2}.Debug|iPhoneSimulator.ActiveCfg = Debug|iPhoneSimulator
		{63280E7F-451E-4EBD-A0B7-462B27D01BA2}.Debug|iPhoneSimulator.Build.0 = Debug|iPhoneSimulator
		{63280E7F-451E-4EBD-A0B7-462B27D01BA2}.Debug|x64.ActiveCfg = Debug|iPhone
		{63280E7F-451E-4EBD-A0B7-462B27D01BA2}.Debug|x86.ActiveCfg = Debug|iPhone
		{63280E7F-451E-4EBD-A0B7-462B27D01BA2}.Release|Any CPU.ActiveCfg = Release|iPhone
		{63280E7F-451E-4EBD-A0B7-462B27D01BA2}.Release|ARM.ActiveCfg = Release|iPhone
		{63280E7F-451E-4EBD-A0B7-462B27D01BA2}.Release|iPhone.ActiveCfg = Release|iPhone
		{63280E7F-451E-4EBD-A0B7-462B27D01BA2}.Release|iPhone.Build.0 = Release|iPhone
		{63280E7F-451E-4EBD-A0B7-462B27D01BA2}.Release|iPhoneSimulator.ActiveCfg = Release|iPhoneSimulator
		{63280E7F-451E-4EBD-A0B7-462B27D01BA2}.Release|iPhoneSimulator.Build.0 = Release|iPhoneSimulator
		{63280E7F-451E-4EBD-A0B7-462B27D01BA2}.Release|x64.ActiveCfg = Release|iPhone
		{63280E7F-451E-4EBD-A0B7-462B27D01BA2}.Release|x86.ActiveCfg = Release|iPhone
		{C607A91E-47B8-468F-B5F7-26E097566273}.Ad-Hoc|Any CPU.ActiveCfg = Release|Any CPU
		{C607A91E-47B8-468F-B5F7-26E097566273}.Ad-Hoc|Any CPU.Build.0 = Release|Any CPU
		{C607A91E-47B8-468F-B5F7-26E097566273}.Ad-Hoc|Any CPU.Deploy.0 = Release|Any CPU
		{C607A91E-47B8-468F-B5F7-26E097566273}.Ad-Hoc|ARM.ActiveCfg = Release|ARM
		{C607A91E-47B8-468F-B5F7-26E097566273}.Ad-Hoc|ARM.Build.0 = Release|ARM
		{C607A91E-47B8-468F-B5F7-26E097566273}.Ad-Hoc|ARM.Deploy.0 = Release|ARM
		{C607A91E-47B8-468F-B5F7-26E097566273}.Ad-Hoc|iPhone.ActiveCfg = Release|Any CPU
		{C607A91E-47B8-468F-B5F7-26E097566273}.Ad-Hoc|iPhone.Build.0 = Release|Any CPU
		{C607A91E-47B8-468F-B5F7-26E097566273}.Ad-Hoc|iPhone.Deploy.0 = Release|Any CPU
		{C607A91E-47B8-468F-B5F7-26E097566273}.Ad-Hoc|iPhoneSimulator.ActiveCfg = Release|Any CPU
		{C607A91E-47B8-468F-B5F7-26E097566273}.Ad-Hoc|iPhoneSimulator.Build.0 = Release|Any CPU
		{C607A91E-47B8-468F-B5F7-26E097566273}.Ad-Hoc|iPhoneSimulator.Deploy.0 = Release|Any CPU
		{C607A91E-47B8-468F-B5F7-26E097566273}.Ad-Hoc|x64.ActiveCfg = Release|Any CPU
		{C607A91E-47B8-468F-B5F7-26E097566273}.Ad-Hoc|x64.Build.0 = Release|Any CPU
		{C607A91E-47B8-468F-B5F7-26E097566273}.Ad-Hoc|x64.Deploy.0 = Release|Any CPU
		{C607A91E-47B8-468F-B5F7-26E097566273}.Ad-Hoc|x86.ActiveCfg = Release|x86
		{C607A91E-47B8-468F-B5F7-26E097566273}.Ad-Hoc|x86.Build.0 = Release|x86
		{C607A91E-47B8-468F-B5F7-26E097566273}.Ad-Hoc|x86.Deploy.0 = Release|x86
		{C607A91E-47B8-468F-B5F7-26E097566273}.AppStore|Any CPU.ActiveCfg = Release|Any CPU
		{C607A91E-47B8-468F-B5F7-26E097566273}.AppStore|Any CPU.Build.0 = Release|Any CPU
		{C607A91E-47B8-468F-B5F7-26E097566273}.AppStore|Any CPU.Deploy.0 = Release|Any CPU
		{C607A91E-47B8-468F-B5F7-26E097566273}.AppStore|ARM.ActiveCfg = Release|ARM
		{C607A91E-47B8-468F-B5F7-26E097566273}.AppStore|ARM.Build.0 = Release|ARM
		{C607A91E-47B8-468F-B5F7-26E097566273}.AppStore|ARM.Deploy.0 = Release|ARM
		{C607A91E-47B8-468F-B5F7-26E097566273}.AppStore|iPhone.ActiveCfg = Release|Any CPU
		{C607A91E-47B8-468F-B5F7-26E097566273}.AppStore|iPhone.Build.0 = Release|Any CPU
		{C607A91E-47B8-468F-B5F7-26E097566273}.AppStore|iPhone.Deploy.0 = Release|Any CPU
		{C607A91E-47B8-468F-B5F7-26E097566273}.AppStore|iPhoneSimulator.ActiveCfg = Release|Any CPU
		{C607A91E-47B8-468F-B5F7-26E097566273}.AppStore|iPhoneSimulator.Build.0 = Release|Any CPU
		{C607A91E-47B8-468F-B5F7-26E097566273}.AppStore|iPhoneSimulator.Deploy.0 = Release|Any CPU
		{C607A91E-47B8-468F-B5F7-26E097566273}.AppStore|x64.ActiveCfg = Release|Any CPU
		{C607A91E-47B8-468F-B5F7-26E097566273}.AppStore|x64.Build.0 = Release|Any CPU
		{C607A91E-47B8-468F-B5F7-26E097566273}.AppStore|x64.Deploy.0 = Release|Any CPU
		{C607A91E-47B8-468F-B5F7-26E097566273}.AppStore|x86.ActiveCfg = Release|x86
		{C607A91E-47B8-468F-B5F7-26E097566273}.AppStore|x86.Build.0 = Release|x86
		{C607A91E-47B8-468F-B5F7-26E097566273}.AppStore|x86.Deploy.0 = Release|x86
		{C607A91E-47B8-468F-B5F7-26E097566273}.Debug|Any CPU.ActiveCfg = Debug|Any CPU
		{C607A91E-47B8-468F-B5F7-26E097566273}.Debug|Any CPU.Build.0 = Debug|Any CPU
		{C607A91E-47B8-468F-B5F7-26E097566273}.Debug|Any CPU.Deploy.0 = Debug|Any CPU
		{C607A91E-47B8-468F-B5F7-26E097566273}.Debug|ARM.ActiveCfg = Debug|ARM
		{C607A91E-47B8-468F-B5F7-26E097566273}.Debug|ARM.Build.0 = Debug|ARM
		{C607A91E-47B8-468F-B5F7-26E097566273}.Debug|ARM.Deploy.0 = Debug|ARM
		{C607A91E-47B8-468F-B5F7-26E097566273}.Debug|iPhone.ActiveCfg = Debug|Any CPU
		{C607A91E-47B8-468F-B5F7-26E097566273}.Debug|iPhone.Build.0 = Debug|Any CPU
		{C607A91E-47B8-468F-B5F7-26E097566273}.Debug|iPhone.Deploy.0 = Debug|Any CPU
		{C607A91E-47B8-468F-B5F7-26E097566273}.Debug|iPhoneSimulator.ActiveCfg = Debug|Any CPU
		{C607A91E-47B8-468F-B5F7-26E097566273}.Debug|iPhoneSimulator.Build.0 = Debug|Any CPU
		{C607A91E-47B8-468F-B5F7-26E097566273}.Debug|iPhoneSimulator.Deploy.0 = Debug|Any CPU
		{C607A91E-47B8-468F-B5F7-26E097566273}.Debug|x64.ActiveCfg = Debug|Any CPU
		{C607A91E-47B8-468F-B5F7-26E097566273}.Debug|x64.Build.0 = Debug|Any CPU
		{C607A91E-47B8-468F-B5F7-26E097566273}.Debug|x64.Deploy.0 = Debug|Any CPU
		{C607A91E-47B8-468F-B5F7-26E097566273}.Debug|x86.ActiveCfg = Debug|x86
		{C607A91E-47B8-468F-B5F7-26E097566273}.Debug|x86.Build.0 = Debug|x86
		{C607A91E-47B8-468F-B5F7-26E097566273}.Debug|x86.Deploy.0 = Debug|x86
		{C607A91E-47B8-468F-B5F7-26E097566273}.Release|Any CPU.ActiveCfg = Release|Any CPU
		{C607A91E-47B8-468F-B5F7-26E097566273}.Release|Any CPU.Build.0 = Release|Any CPU
		{C607A91E-47B8-468F-B5F7-26E097566273}.Release|Any CPU.Deploy.0 = Release|Any CPU
		{C607A91E-47B8-468F-B5F7-26E097566273}.Release|ARM.ActiveCfg = Release|ARM
		{C607A91E-47B8-468F-B5F7-26E097566273}.Release|ARM.Build.0 = Release|ARM
		{C607A91E-47B8-468F-B5F7-26E097566273}.Release|ARM.Deploy.0 = Release|ARM
		{C607A91E-47B8-468F-B5F7-26E097566273}.Release|iPhone.ActiveCfg = Release|Any CPU
		{C607A91E-47B8-468F-B5F7-26E097566273}.Release|iPhone.Build.0 = Release|Any CPU
		{C607A91E-47B8-468F-B5F7-26E097566273}.Release|iPhone.Deploy.0 = Release|Any CPU
		{C607A91E-47B8-468F-B5F7-26E097566273}.Release|iPhoneSimulator.ActiveCfg = Release|Any CPU
		{C607A91E-47B8-468F-B5F7-26E097566273}.Release|iPhoneSimulator.Build.0 = Release|Any CPU
		{C607A91E-47B8-468F-B5F7-26E097566273}.Release|iPhoneSimulator.Deploy.0 = Release|Any CPU
		{C607A91E-47B8-468F-B5F7-26E097566273}.Release|x64.ActiveCfg = Release|Any CPU
		{C607A91E-47B8-468F-B5F7-26E097566273}.Release|x64.Build.0 = Release|Any CPU
		{C607A91E-47B8-468F-B5F7-26E097566273}.Release|x64.Deploy.0 = Release|Any CPU
		{C607A91E-47B8-468F-B5F7-26E097566273}.Release|x86.ActiveCfg = Release|x86
		{C607A91E-47B8-468F-B5F7-26E097566273}.Release|x86.Build.0 = Release|x86
		{C607A91E-47B8-468F-B5F7-26E097566273}.Release|x86.Deploy.0 = Release|x86
		{E8900DA1-52E9-47A7-AB0F-E5922870C316}.Ad-Hoc|Any CPU.ActiveCfg = Release|x86
		{E8900DA1-52E9-47A7-AB0F-E5922870C316}.Ad-Hoc|Any CPU.Build.0 = Release|x86
		{E8900DA1-52E9-47A7-AB0F-E5922870C316}.Ad-Hoc|Any CPU.Deploy.0 = Release|x86
		{E8900DA1-52E9-47A7-AB0F-E5922870C316}.Ad-Hoc|ARM.ActiveCfg = Release|ARM
		{E8900DA1-52E9-47A7-AB0F-E5922870C316}.Ad-Hoc|ARM.Build.0 = Release|ARM
		{E8900DA1-52E9-47A7-AB0F-E5922870C316}.Ad-Hoc|ARM.Deploy.0 = Release|ARM
		{E8900DA1-52E9-47A7-AB0F-E5922870C316}.Ad-Hoc|iPhone.ActiveCfg = Release|x86
		{E8900DA1-52E9-47A7-AB0F-E5922870C316}.Ad-Hoc|iPhone.Build.0 = Release|x86
		{E8900DA1-52E9-47A7-AB0F-E5922870C316}.Ad-Hoc|iPhone.Deploy.0 = Release|x86
		{E8900DA1-52E9-47A7-AB0F-E5922870C316}.Ad-Hoc|iPhoneSimulator.ActiveCfg = Release|x86
		{E8900DA1-52E9-47A7-AB0F-E5922870C316}.Ad-Hoc|iPhoneSimulator.Build.0 = Release|x86
		{E8900DA1-52E9-47A7-AB0F-E5922870C316}.Ad-Hoc|iPhoneSimulator.Deploy.0 = Release|x86
		{E8900DA1-52E9-47A7-AB0F-E5922870C316}.Ad-Hoc|x64.ActiveCfg = Release|x64
		{E8900DA1-52E9-47A7-AB0F-E5922870C316}.Ad-Hoc|x64.Build.0 = Release|x64
		{E8900DA1-52E9-47A7-AB0F-E5922870C316}.Ad-Hoc|x64.Deploy.0 = Release|x64
		{E8900DA1-52E9-47A7-AB0F-E5922870C316}.Ad-Hoc|x86.ActiveCfg = Release|x86
		{E8900DA1-52E9-47A7-AB0F-E5922870C316}.Ad-Hoc|x86.Build.0 = Release|x86
		{E8900DA1-52E9-47A7-AB0F-E5922870C316}.Ad-Hoc|x86.Deploy.0 = Release|x86
		{E8900DA1-52E9-47A7-AB0F-E5922870C316}.AppStore|Any CPU.ActiveCfg = Release|x86
		{E8900DA1-52E9-47A7-AB0F-E5922870C316}.AppStore|Any CPU.Build.0 = Release|x86
		{E8900DA1-52E9-47A7-AB0F-E5922870C316}.AppStore|Any CPU.Deploy.0 = Release|x86
		{E8900DA1-52E9-47A7-AB0F-E5922870C316}.AppStore|ARM.ActiveCfg = Release|ARM
		{E8900DA1-52E9-47A7-AB0F-E5922870C316}.AppStore|ARM.Build.0 = Release|ARM
		{E8900DA1-52E9-47A7-AB0F-E5922870C316}.AppStore|ARM.Deploy.0 = Release|ARM
		{E8900DA1-52E9-47A7-AB0F-E5922870C316}.AppStore|iPhone.ActiveCfg = Release|x86
		{E8900DA1-52E9-47A7-AB0F-E5922870C316}.AppStore|iPhone.Build.0 = Release|x86
		{E8900DA1-52E9-47A7-AB0F-E5922870C316}.AppStore|iPhone.Deploy.0 = Release|x86
		{E8900DA1-52E9-47A7-AB0F-E5922870C316}.AppStore|iPhoneSimulator.ActiveCfg = Release|x86
		{E8900DA1-52E9-47A7-AB0F-E5922870C316}.AppStore|iPhoneSimulator.Build.0 = Release|x86
		{E8900DA1-52E9-47A7-AB0F-E5922870C316}.AppStore|iPhoneSimulator.Deploy.0 = Release|x86
		{E8900DA1-52E9-47A7-AB0F-E5922870C316}.AppStore|x64.ActiveCfg = Release|x64
		{E8900DA1-52E9-47A7-AB0F-E5922870C316}.AppStore|x64.Build.0 = Release|x64
		{E8900DA1-52E9-47A7-AB0F-E5922870C316}.AppStore|x64.Deploy.0 = Release|x64
		{E8900DA1-52E9-47A7-AB0F-E5922870C316}.AppStore|x86.ActiveCfg = Release|x86
		{E8900DA1-52E9-47A7-AB0F-E5922870C316}.AppStore|x86.Build.0 = Release|x86
		{E8900DA1-52E9-47A7-AB0F-E5922870C316}.AppStore|x86.Deploy.0 = Release|x86
		{E8900DA1-52E9-47A7-AB0F-E5922870C316}.Debug|Any CPU.ActiveCfg = Debug|x86
		{E8900DA1-52E9-47A7-AB0F-E5922870C316}.Debug|ARM.ActiveCfg = Debug|ARM
		{E8900DA1-52E9-47A7-AB0F-E5922870C316}.Debug|ARM.Build.0 = Debug|ARM
		{E8900DA1-52E9-47A7-AB0F-E5922870C316}.Debug|ARM.Deploy.0 = Debug|ARM
		{E8900DA1-52E9-47A7-AB0F-E5922870C316}.Debug|iPhone.ActiveCfg = Debug|x86
		{E8900DA1-52E9-47A7-AB0F-E5922870C316}.Debug|iPhoneSimulator.ActiveCfg = Debug|x86
		{E8900DA1-52E9-47A7-AB0F-E5922870C316}.Debug|x64.ActiveCfg = Debug|x64
		{E8900DA1-52E9-47A7-AB0F-E5922870C316}.Debug|x64.Build.0 = Debug|x64
		{E8900DA1-52E9-47A7-AB0F-E5922870C316}.Debug|x64.Deploy.0 = Debug|x64
		{E8900DA1-52E9-47A7-AB0F-E5922870C316}.Debug|x86.ActiveCfg = Debug|x86
		{E8900DA1-52E9-47A7-AB0F-E5922870C316}.Debug|x86.Build.0 = Debug|x86
		{E8900DA1-52E9-47A7-AB0F-E5922870C316}.Debug|x86.Deploy.0 = Debug|x86
		{E8900DA1-52E9-47A7-AB0F-E5922870C316}.Release|Any CPU.ActiveCfg = Release|x86
		{E8900DA1-52E9-47A7-AB0F-E5922870C316}.Release|ARM.ActiveCfg = Release|ARM
		{E8900DA1-52E9-47A7-AB0F-E5922870C316}.Release|ARM.Build.0 = Release|ARM
		{E8900DA1-52E9-47A7-AB0F-E5922870C316}.Release|ARM.Deploy.0 = Release|ARM
		{E8900DA1-52E9-47A7-AB0F-E5922870C316}.Release|iPhone.ActiveCfg = Release|x86
		{E8900DA1-52E9-47A7-AB0F-E5922870C316}.Release|iPhoneSimulator.ActiveCfg = Release|x86
		{E8900DA1-52E9-47A7-AB0F-E5922870C316}.Release|x64.ActiveCfg = Release|x64
		{E8900DA1-52E9-47A7-AB0F-E5922870C316}.Release|x64.Build.0 = Release|x64
		{E8900DA1-52E9-47A7-AB0F-E5922870C316}.Release|x64.Deploy.0 = Release|x64
		{E8900DA1-52E9-47A7-AB0F-E5922870C316}.Release|x86.ActiveCfg = Release|x86
		{E8900DA1-52E9-47A7-AB0F-E5922870C316}.Release|x86.Build.0 = Release|x86
		{E8900DA1-52E9-47A7-AB0F-E5922870C316}.Release|x86.Deploy.0 = Release|x86
		{A728295D-D5F2-49C2-B398-FD7E97949E5D}.Ad-Hoc|Any CPU.ActiveCfg = Release|Any CPU
		{A728295D-D5F2-49C2-B398-FD7E97949E5D}.Ad-Hoc|Any CPU.Build.0 = Release|Any CPU
		{A728295D-D5F2-49C2-B398-FD7E97949E5D}.Ad-Hoc|Any CPU.Deploy.0 = Release|Any CPU
		{A728295D-D5F2-49C2-B398-FD7E97949E5D}.Ad-Hoc|ARM.ActiveCfg = Release|ARM
		{A728295D-D5F2-49C2-B398-FD7E97949E5D}.Ad-Hoc|ARM.Build.0 = Release|ARM
		{A728295D-D5F2-49C2-B398-FD7E97949E5D}.Ad-Hoc|ARM.Deploy.0 = Release|ARM
		{A728295D-D5F2-49C2-B398-FD7E97949E5D}.Ad-Hoc|iPhone.ActiveCfg = Release|Any CPU
		{A728295D-D5F2-49C2-B398-FD7E97949E5D}.Ad-Hoc|iPhone.Build.0 = Release|Any CPU
		{A728295D-D5F2-49C2-B398-FD7E97949E5D}.Ad-Hoc|iPhone.Deploy.0 = Release|Any CPU
		{A728295D-D5F2-49C2-B398-FD7E97949E5D}.Ad-Hoc|iPhoneSimulator.ActiveCfg = Release|Any CPU
		{A728295D-D5F2-49C2-B398-FD7E97949E5D}.Ad-Hoc|iPhoneSimulator.Build.0 = Release|Any CPU
		{A728295D-D5F2-49C2-B398-FD7E97949E5D}.Ad-Hoc|iPhoneSimulator.Deploy.0 = Release|Any CPU
		{A728295D-D5F2-49C2-B398-FD7E97949E5D}.Ad-Hoc|x64.ActiveCfg = Release|x64
		{A728295D-D5F2-49C2-B398-FD7E97949E5D}.Ad-Hoc|x64.Build.0 = Release|x64
		{A728295D-D5F2-49C2-B398-FD7E97949E5D}.Ad-Hoc|x64.Deploy.0 = Release|x64
		{A728295D-D5F2-49C2-B398-FD7E97949E5D}.Ad-Hoc|x86.ActiveCfg = Release|x86
		{A728295D-D5F2-49C2-B398-FD7E97949E5D}.Ad-Hoc|x86.Build.0 = Release|x86
		{A728295D-D5F2-49C2-B398-FD7E97949E5D}.Ad-Hoc|x86.Deploy.0 = Release|x86
		{A728295D-D5F2-49C2-B398-FD7E97949E5D}.AppStore|Any CPU.ActiveCfg = Release|Any CPU
		{A728295D-D5F2-49C2-B398-FD7E97949E5D}.AppStore|Any CPU.Build.0 = Release|Any CPU
		{A728295D-D5F2-49C2-B398-FD7E97949E5D}.AppStore|Any CPU.Deploy.0 = Release|Any CPU
		{A728295D-D5F2-49C2-B398-FD7E97949E5D}.AppStore|ARM.ActiveCfg = Release|ARM
		{A728295D-D5F2-49C2-B398-FD7E97949E5D}.AppStore|ARM.Build.0 = Release|ARM
		{A728295D-D5F2-49C2-B398-FD7E97949E5D}.AppStore|ARM.Deploy.0 = Release|ARM
		{A728295D-D5F2-49C2-B398-FD7E97949E5D}.AppStore|iPhone.ActiveCfg = Release|Any CPU
		{A728295D-D5F2-49C2-B398-FD7E97949E5D}.AppStore|iPhone.Build.0 = Release|Any CPU
		{A728295D-D5F2-49C2-B398-FD7E97949E5D}.AppStore|iPhone.Deploy.0 = Release|Any CPU
		{A728295D-D5F2-49C2-B398-FD7E97949E5D}.AppStore|iPhoneSimulator.ActiveCfg = Release|Any CPU
		{A728295D-D5F2-49C2-B398-FD7E97949E5D}.AppStore|iPhoneSimulator.Build.0 = Release|Any CPU
		{A728295D-D5F2-49C2-B398-FD7E97949E5D}.AppStore|iPhoneSimulator.Deploy.0 = Release|Any CPU
		{A728295D-D5F2-49C2-B398-FD7E97949E5D}.AppStore|x64.ActiveCfg = Release|x64
		{A728295D-D5F2-49C2-B398-FD7E97949E5D}.AppStore|x64.Build.0 = Release|x64
		{A728295D-D5F2-49C2-B398-FD7E97949E5D}.AppStore|x64.Deploy.0 = Release|x64
		{A728295D-D5F2-49C2-B398-FD7E97949E5D}.AppStore|x86.ActiveCfg = Release|x86
		{A728295D-D5F2-49C2-B398-FD7E97949E5D}.AppStore|x86.Build.0 = Release|x86
		{A728295D-D5F2-49C2-B398-FD7E97949E5D}.AppStore|x86.Deploy.0 = Release|x86
		{A728295D-D5F2-49C2-B398-FD7E97949E5D}.Debug|Any CPU.ActiveCfg = Debug|Any CPU
		{A728295D-D5F2-49C2-B398-FD7E97949E5D}.Debug|Any CPU.Build.0 = Debug|Any CPU
		{A728295D-D5F2-49C2-B398-FD7E97949E5D}.Debug|Any CPU.Deploy.0 = Debug|Any CPU
		{A728295D-D5F2-49C2-B398-FD7E97949E5D}.Debug|ARM.ActiveCfg = Debug|ARM
		{A728295D-D5F2-49C2-B398-FD7E97949E5D}.Debug|ARM.Build.0 = Debug|ARM
		{A728295D-D5F2-49C2-B398-FD7E97949E5D}.Debug|ARM.Deploy.0 = Debug|ARM
		{A728295D-D5F2-49C2-B398-FD7E97949E5D}.Debug|iPhone.ActiveCfg = Debug|Any CPU
		{A728295D-D5F2-49C2-B398-FD7E97949E5D}.Debug|iPhone.Build.0 = Debug|Any CPU
		{A728295D-D5F2-49C2-B398-FD7E97949E5D}.Debug|iPhone.Deploy.0 = Debug|Any CPU
		{A728295D-D5F2-49C2-B398-FD7E97949E5D}.Debug|iPhoneSimulator.ActiveCfg = Debug|Any CPU
		{A728295D-D5F2-49C2-B398-FD7E97949E5D}.Debug|iPhoneSimulator.Build.0 = Debug|Any CPU
		{A728295D-D5F2-49C2-B398-FD7E97949E5D}.Debug|iPhoneSimulator.Deploy.0 = Debug|Any CPU
		{A728295D-D5F2-49C2-B398-FD7E97949E5D}.Debug|x64.ActiveCfg = Debug|x64
		{A728295D-D5F2-49C2-B398-FD7E97949E5D}.Debug|x64.Build.0 = Debug|x64
		{A728295D-D5F2-49C2-B398-FD7E97949E5D}.Debug|x64.Deploy.0 = Debug|x64
		{A728295D-D5F2-49C2-B398-FD7E97949E5D}.Debug|x86.ActiveCfg = Debug|x86
		{A728295D-D5F2-49C2-B398-FD7E97949E5D}.Debug|x86.Build.0 = Debug|x86
		{A728295D-D5F2-49C2-B398-FD7E97949E5D}.Debug|x86.Deploy.0 = Debug|x86
		{A728295D-D5F2-49C2-B398-FD7E97949E5D}.Release|Any CPU.ActiveCfg = Release|Any CPU
		{A728295D-D5F2-49C2-B398-FD7E97949E5D}.Release|Any CPU.Build.0 = Release|Any CPU
		{A728295D-D5F2-49C2-B398-FD7E97949E5D}.Release|Any CPU.Deploy.0 = Release|Any CPU
		{A728295D-D5F2-49C2-B398-FD7E97949E5D}.Release|ARM.ActiveCfg = Release|ARM
		{A728295D-D5F2-49C2-B398-FD7E97949E5D}.Release|ARM.Build.0 = Release|ARM
		{A728295D-D5F2-49C2-B398-FD7E97949E5D}.Release|ARM.Deploy.0 = Release|ARM
		{A728295D-D5F2-49C2-B398-FD7E97949E5D}.Release|iPhone.ActiveCfg = Release|Any CPU
		{A728295D-D5F2-49C2-B398-FD7E97949E5D}.Release|iPhone.Build.0 = Release|Any CPU
		{A728295D-D5F2-49C2-B398-FD7E97949E5D}.Release|iPhone.Deploy.0 = Release|Any CPU
		{A728295D-D5F2-49C2-B398-FD7E97949E5D}.Release|iPhoneSimulator.ActiveCfg = Release|Any CPU
		{A728295D-D5F2-49C2-B398-FD7E97949E5D}.Release|iPhoneSimulator.Build.0 = Release|Any CPU
		{A728295D-D5F2-49C2-B398-FD7E97949E5D}.Release|iPhoneSimulator.Deploy.0 = Release|Any CPU
		{A728295D-D5F2-49C2-B398-FD7E97949E5D}.Release|x64.ActiveCfg = Release|x64
		{A728295D-D5F2-49C2-B398-FD7E97949E5D}.Release|x64.Build.0 = Release|x64
		{A728295D-D5F2-49C2-B398-FD7E97949E5D}.Release|x64.Deploy.0 = Release|x64
		{A728295D-D5F2-49C2-B398-FD7E97949E5D}.Release|x86.ActiveCfg = Release|x86
		{A728295D-D5F2-49C2-B398-FD7E97949E5D}.Release|x86.Build.0 = Release|x86
		{A728295D-D5F2-49C2-B398-FD7E97949E5D}.Release|x86.Deploy.0 = Release|x86
		{21A9A4D0-68C8-404A-B952-80E96CE168A9}.Ad-Hoc|Any CPU.ActiveCfg = Release|Any CPU
		{21A9A4D0-68C8-404A-B952-80E96CE168A9}.Ad-Hoc|Any CPU.Build.0 = Release|Any CPU
		{21A9A4D0-68C8-404A-B952-80E96CE168A9}.Ad-Hoc|ARM.ActiveCfg = Release|Any CPU
		{21A9A4D0-68C8-404A-B952-80E96CE168A9}.Ad-Hoc|ARM.Build.0 = Release|Any CPU
		{21A9A4D0-68C8-404A-B952-80E96CE168A9}.Ad-Hoc|iPhone.ActiveCfg = Release|Any CPU
		{21A9A4D0-68C8-404A-B952-80E96CE168A9}.Ad-Hoc|iPhone.Build.0 = Release|Any CPU
		{21A9A4D0-68C8-404A-B952-80E96CE168A9}.Ad-Hoc|iPhoneSimulator.ActiveCfg = Release|Any CPU
		{21A9A4D0-68C8-404A-B952-80E96CE168A9}.Ad-Hoc|iPhoneSimulator.Build.0 = Release|Any CPU
		{21A9A4D0-68C8-404A-B952-80E96CE168A9}.Ad-Hoc|x64.ActiveCfg = Release|Any CPU
		{21A9A4D0-68C8-404A-B952-80E96CE168A9}.Ad-Hoc|x64.Build.0 = Release|Any CPU
		{21A9A4D0-68C8-404A-B952-80E96CE168A9}.Ad-Hoc|x86.ActiveCfg = Release|Any CPU
		{21A9A4D0-68C8-404A-B952-80E96CE168A9}.Ad-Hoc|x86.Build.0 = Release|Any CPU
		{21A9A4D0-68C8-404A-B952-80E96CE168A9}.AppStore|Any CPU.ActiveCfg = Release|Any CPU
		{21A9A4D0-68C8-404A-B952-80E96CE168A9}.AppStore|Any CPU.Build.0 = Release|Any CPU
		{21A9A4D0-68C8-404A-B952-80E96CE168A9}.AppStore|ARM.ActiveCfg = Release|Any CPU
		{21A9A4D0-68C8-404A-B952-80E96CE168A9}.AppStore|ARM.Build.0 = Release|Any CPU
		{21A9A4D0-68C8-404A-B952-80E96CE168A9}.AppStore|iPhone.ActiveCfg = Release|Any CPU
		{21A9A4D0-68C8-404A-B952-80E96CE168A9}.AppStore|iPhone.Build.0 = Release|Any CPU
		{21A9A4D0-68C8-404A-B952-80E96CE168A9}.AppStore|iPhoneSimulator.ActiveCfg = Release|Any CPU
		{21A9A4D0-68C8-404A-B952-80E96CE168A9}.AppStore|iPhoneSimulator.Build.0 = Release|Any CPU
		{21A9A4D0-68C8-404A-B952-80E96CE168A9}.AppStore|x64.ActiveCfg = Release|Any CPU
		{21A9A4D0-68C8-404A-B952-80E96CE168A9}.AppStore|x64.Build.0 = Release|Any CPU
		{21A9A4D0-68C8-404A-B952-80E96CE168A9}.AppStore|x86.ActiveCfg = Release|Any CPU
		{21A9A4D0-68C8-404A-B952-80E96CE168A9}.AppStore|x86.Build.0 = Release|Any CPU
		{21A9A4D0-68C8-404A-B952-80E96CE168A9}.Debug|Any CPU.ActiveCfg = Debug|Any CPU
		{21A9A4D0-68C8-404A-B952-80E96CE168A9}.Debug|Any CPU.Build.0 = Debug|Any CPU
		{21A9A4D0-68C8-404A-B952-80E96CE168A9}.Debug|ARM.ActiveCfg = Debug|Any CPU
		{21A9A4D0-68C8-404A-B952-80E96CE168A9}.Debug|ARM.Build.0 = Debug|Any CPU
		{21A9A4D0-68C8-404A-B952-80E96CE168A9}.Debug|iPhone.ActiveCfg = Debug|Any CPU
		{21A9A4D0-68C8-404A-B952-80E96CE168A9}.Debug|iPhone.Build.0 = Debug|Any CPU
		{21A9A4D0-68C8-404A-B952-80E96CE168A9}.Debug|iPhoneSimulator.ActiveCfg = Debug|Any CPU
		{21A9A4D0-68C8-404A-B952-80E96CE168A9}.Debug|iPhoneSimulator.Build.0 = Debug|Any CPU
		{21A9A4D0-68C8-404A-B952-80E96CE168A9}.Debug|x64.ActiveCfg = Debug|Any CPU
		{21A9A4D0-68C8-404A-B952-80E96CE168A9}.Debug|x64.Build.0 = Debug|Any CPU
		{21A9A4D0-68C8-404A-B952-80E96CE168A9}.Debug|x86.ActiveCfg = Debug|Any CPU
		{21A9A4D0-68C8-404A-B952-80E96CE168A9}.Debug|x86.Build.0 = Debug|Any CPU
		{21A9A4D0-68C8-404A-B952-80E96CE168A9}.Release|Any CPU.ActiveCfg = Release|Any CPU
		{21A9A4D0-68C8-404A-B952-80E96CE168A9}.Release|Any CPU.Build.0 = Release|Any CPU
		{21A9A4D0-68C8-404A-B952-80E96CE168A9}.Release|ARM.ActiveCfg = Release|Any CPU
		{21A9A4D0-68C8-404A-B952-80E96CE168A9}.Release|ARM.Build.0 = Release|Any CPU
		{21A9A4D0-68C8-404A-B952-80E96CE168A9}.Release|iPhone.ActiveCfg = Release|Any CPU
		{21A9A4D0-68C8-404A-B952-80E96CE168A9}.Release|iPhone.Build.0 = Release|Any CPU
		{21A9A4D0-68C8-404A-B952-80E96CE168A9}.Release|iPhoneSimulator.ActiveCfg = Release|Any CPU
		{21A9A4D0-68C8-404A-B952-80E96CE168A9}.Release|iPhoneSimulator.Build.0 = Release|Any CPU
		{21A9A4D0-68C8-404A-B952-80E96CE168A9}.Release|x64.ActiveCfg = Release|Any CPU
		{21A9A4D0-68C8-404A-B952-80E96CE168A9}.Release|x64.Build.0 = Release|Any CPU
		{21A9A4D0-68C8-404A-B952-80E96CE168A9}.Release|x86.ActiveCfg = Release|Any CPU
		{21A9A4D0-68C8-404A-B952-80E96CE168A9}.Release|x86.Build.0 = Release|Any CPU
	EndGlobalSection
	GlobalSection(SolutionProperties) = preSolution
		HideSolutionNode = FALSE
	EndGlobalSection
EndGlobal
